PODS:
  - ActionSheetPicker (1.6.2)
  - Base64nl (1.2)
  - DTCollectionViewManager (5.0.0-beta.2):
    - DTModelStorage (~> 3.0.0-beta.2)
  - DTModelStorage (3.0.0-beta.2):
    - DTModelStorage/Core (= 3.0.0-beta.2)
  - DTModelStorage/Core (3.0.0-beta.2)
  - Emoji-swift (0.0.3)
  - EZLoadingActivity (0.9)
  - EZSwiftExtensions (1.7)
  - Firebase (3.6.0):
    - Firebase/Core (= 3.6.0)
  - Firebase/Analytics (3.6.0):
    - FirebaseAnalytics (= 3.4.2)
  - Firebase/Core (3.6.0):
    - Firebase/Analytics
  - FirebaseAnalytics (3.4.2):
    - FirebaseInstanceID (~> 1.0)
    - GoogleInterchangeUtilities (~> 1.2)
    - GoogleSymbolUtilities (~> 1.1)
    - GoogleUtilities (~> 1.2)
  - FirebaseInstanceID (1.0.8)
  - FSCalendar (2.3.3)
  - GoogleInterchangeUtilities (1.2.1):
    - GoogleSymbolUtilities (~> 1.0)
  - GoogleSymbolUtilities (1.1.1)
  - GoogleUtilities (1.3.1):
    - GoogleSymbolUtilities (~> 1.0)
  - Keyboardy (0.1.1)
  - LLSwitch (1.0.4)
  - LTHPasscodeViewController (3.7.8)
  - MMMarkdown (0.5.5)
  - RWDropdownMenu (1.0.3)
  - SZTextView (1.2.2)

DEPENDENCIES:
  - ActionSheetPicker
  - Base64nl
  - DTCollectionViewManager (~> 5.0.0-beta.2)
  - DTModelStorage (~> 3.0.0-beta.2)
  - Emoji-swift
  - EZLoadingActivity
  - EZSwiftExtensions
  - Firebase
  - FSCalendar
  - Keyboardy
  - LLSwitch
  - LTHPasscodeViewController
  - MMMarkdown
  - RWDropdownMenu
  - SZTextView

SPEC CHECKSUMS:
  ActionSheetPicker: cc5255a36aabaf34245b97a478059d26bac8cd84
  Base64nl: a497bdcd1c01ea793d36b399016195a8713c0e95
  DTCollectionViewManager: 43735f25159eda0fa8531927ee784454aa84f4fa
  DTModelStorage: d7f6e13c24713fb4a02e1b72f7cd628bb6fe5d85
  Emoji-swift: 1f9bbabce9aebace9fd9824b0dbb0d9eb31a746c
  EZLoadingActivity: 7ebb84c1f2510a62d2bc0a17cc9d75634f92606d
  EZSwiftExtensions: 4afef248066a036903d8496bf07bc355b22ce766
  Firebase: 34187200ef4979dbd485c7aa685ef078bf587c86
  FirebaseAnalytics: 3f5358d9104adf159cc8d99b7b501e50099a39ad
  FirebaseInstanceID: ba1e640935235e5fac39dfa816fe7660e72e1a8a
  FSCalendar: 430254999f6285bb5ccf0bb0b124b1953ad56768
  GoogleInterchangeUtilities: def8415a862effc67d549d5b5b0b9c7a2f97d4de
  GoogleSymbolUtilities: 33117db1b5f290c6fbf259585e4885b4c84b98d7
  GoogleUtilities: 56c5ac05b7aa5dc417a1bb85221a9516e04d7032
  Keyboardy: 73ce93cedc45f60ef21a463bc713893772034ea3
  LLSwitch: b5f0e574b4c53f46806df015cd21285464d4b440
  LTHPasscodeViewController: cdb5d832bc6ed0720af01bec23b8f4cf7f7dc945
  MMMarkdown: 1af97166ce0f6d6e0cb05695665492195d27c3f1
  RWDropdownMenu: c7fda4b7adf4f3f63a46d96359c2f490a7713795
  SZTextView: 3a81174dce0710a9ab069bc73a813e6df53b9c82

PODFILE CHECKSUM: 2e29fdc77a3215718ad3400e762d2d35162446e6

COCOAPODS: 1.1.0.beta.1
