PODS:
  - ActionSheetPicker (1.6.2)
  - Base64nl (1.2)
  - DTCollectionViewManager (5.3.0):
    - DTModelStorage (~> 5.0)
  - DTModelStorage (5.0.1):
    - DTModelStorage/Core (= 5.0.1)
  - DTModelStorage/Core (5.0.1)
  - Emoji-swift (0.1.0)
  - EZLoadingActivity (1.01)
  - Firebase (4.0.0):
    - Firebase/Core (= 4.0.0)
  - Firebase/Core (4.0.0):
    - FirebaseAnalytics (= 4.0.0)
    - FirebaseCore (= 4.0.0)
  - FirebaseAnalytics (4.0.0):
    - FirebaseCore (~> 4.0)
    - FirebaseInstanceID (~> 2.0)
    - GoogleToolboxForMac/NSData+zlib (~> 2.1)
  - FirebaseCore (4.0.0):
    - GoogleToolboxForMac/NSData+zlib (~> 2.1)
  - FirebaseInstanceID (2.0.0):
    - FirebaseCore (~> 4.0)
  - FSCalendar (2.7.7)
  - FTPopOverMenu_Swift (0.0.7)
  - GoogleToolboxForMac/Defines (2.1.1)
  - GoogleToolboxForMac/NSData+zlib (2.1.1):
    - GoogleToolboxForMac/Defines (= 2.1.1)
  - Keyboardy (0.2.0)
  - LLSwitch (1.0.4)
  - LTHPasscodeViewController (3.8.8)
  - MMMarkdown (0.5.5)
  - RFKeyboardToolbar (1.3)
  - SCLAlertView (0.7.0)
  - SwiftyUtils (1.0.0)
  - SZTextView (1.3.0)

DEPENDENCIES:
  - ActionSheetPicker
  - Base64nl
  - DTCollectionViewManager
  - DTModelStorage
  - Emoji-swift
  - EZLoadingActivity
  - Firebase
  - FSCalendar
  - FTPopOverMenu_Swift
  - Keyboardy
  - LLSwitch
  - LTHPasscodeViewController
  - MMMarkdown
  - RFKeyboardToolbar
  - SCLAlertView
  - SwiftyUtils
  - SZTextView

SPEC CHECKSUMS:
  ActionSheetPicker: cc5255a36aabaf34245b97a478059d26bac8cd84
  Base64nl: a497bdcd1c01ea793d36b399016195a8713c0e95
  DTCollectionViewManager: 63cc466a0037b48809ce855a2751af29c99d70e3
  DTModelStorage: c1987e14397499d504938e73a2041f4857926349
  Emoji-swift: 20010383183f4d85e6e5a2b9642b96ebdb4f06ae
  EZLoadingActivity: edd7e387e5197b116ce2cccb3fd747ababc2a510
  Firebase: 284eea779b73fdff309791817da7c68bff8dd572
  FirebaseAnalytics: 6f08e746f7d66f5452931bc2e822b5df9c66b64a
  FirebaseCore: 85ad466044c2f013cdb167f85d426d15b128114a
  FirebaseInstanceID: 9fbf536668f4d3f0880e7438456dabd1376e294b
  FSCalendar: 8bda3534e8590b87124af9a236887314e0359a27
  FTPopOverMenu_Swift: 8939e3c98a72217c761e806c915101227ed7c8fc
  GoogleToolboxForMac: 8e329f1b599f2512c6b10676d45736bcc2cbbeb0
  Keyboardy: 10dcdc632df75f8b478f5700ce913cac4e684a90
  LLSwitch: b5f0e574b4c53f46806df015cd21285464d4b440
  LTHPasscodeViewController: 16275e64de508a4852c59ef90390331e2e4ec074
  MMMarkdown: 1af97166ce0f6d6e0cb05695665492195d27c3f1
  RFKeyboardToolbar: c96a7d9458564d1fedc8ef6844b6c467934aade2
  SCLAlertView: 8a14ffc40590c619e183eed2298b854385f30be1
  SwiftyUtils: f48a22d2fa8eece42a11d8bbb4d01a9758dd0602
  SZTextView: 094dc6acc9beec537685c545d6e3e0d4975174e1

PODFILE CHECKSUM: 7502b0419c97b41b1dfd88d32a7fb1eafc91f596

COCOAPODS: 1.1.0.beta.1
