PODS:
  - Emoji-swift (0.0.3)
  - EZLoadingActivity (0.8)
  - EZSwiftExtensions (1.5)
  - FSCalendar (2.1.1)
  - MMMarkdown (0.5.4)
  - SZTextView (1.2.2)

DEPENDENCIES:
  - Emoji-swift
  - EZLoadingActivity
  - EZSwiftExtensions
  - FSCalendar
  - MMMarkdown
  - SZTextView

SPEC CHECKSUMS:
  Emoji-swift: 1f9bbabce9aebace9fd9824b0dbb0d9eb31a746c
  EZLoadingActivity: 6fd75a05765a4085f4b6fef6f62edf9f144b3139
  EZSwiftExtensions: fe78d7d4ac34f5c8c36415d4acee49ba67c9732a
  FSCalendar: 04dc531f06fbde8a8e5b7394e9d4edebd45a591f
  MMMarkdown: 754f9154136d224178f51f2b2ba67a66a89d96ea
  SZTextView: 3a81174dce0710a9ab069bc73a813e6df53b9c82

COCOAPODS: 0.39.0
