// !$*UTF8*$!
{
	archiveVersion = 1;
	classes = {
	};
	objectVersion = 46;
	objects = {

/* Begin PBXBuildFile section */
		05607474562E2F87845E258F /* Pods_PocketDiaryUITests.framework in Frameworks */ = {isa = PBXBuildFile; fileRef = 8ABA27C81E12465BC5A52C18 /* Pods_PocketDiaryUITests.framework */; };
		1EA93B3834DE21BA29F70C3F /* Pods_PocketDiary.framework in Frameworks */ = {isa = PBXBuildFile; fileRef = 69D2B1E2DBBB4EF213916D05 /* Pods_PocketDiary.framework */; };
		599BCC9FCF1645BD5585B338 /* Pods_PocketDiaryTests.framework in Frameworks */ = {isa = PBXBuildFile; fileRef = 2589B925E4D98986E587F423 /* Pods_PocketDiaryTests.framework */; };
		5A003C961D223C55001EA872 /* InfoPlist.strings in Resources */ = {isa = PBXBuildFile; fileRef = 5A003C981D223C55001EA872 /* InfoPlist.strings */; };
		5A007AB11D2E3C6600D903CC /* SnapshotHelper.swift in Sources */ = {isa = PBXBuildFile; fileRef = 5A007AB01D2E3C6600D903CC /* SnapshotHelper.swift */; };
		5A0096061D386D8700C34650 /* AdUtility.swift in Sources */ = {isa = PBXBuildFile; fileRef = 5A0096051D386D8700C34650 /* AdUtility.swift */; };
		5A00F7A11D37A7D3006ACC63 /* GoogleService-Info.plist in Resources */ = {isa = PBXBuildFile; fileRef = 5A00F7A01D37A7D3006ACC63 /* GoogleService-Info.plist */; };
		5A02D0411D3B10AF00C048E6 /* GoogleMobileAds.framework in Frameworks */ = {isa = PBXBuildFile; fileRef = 5A02D0401D3B10AF00C048E6 /* GoogleMobileAds.framework */; };
		5A04D0711D18FC8000868126 /* LLSwitch.framework in Frameworks */ = {isa = PBXBuildFile; fileRef = 5A04D0701D18FC8000868126 /* LLSwitch.framework */; };
		5A2193671D1E6EC500966DD4 /* Localizable.strings in Resources */ = {isa = PBXBuildFile; fileRef = 5A2193691D1E6EC500966DD4 /* Localizable.strings */; };
		5A21FA721D01B16000B36AA7 /* AppDelegate.swift in Sources */ = {isa = PBXBuildFile; fileRef = 5A21FA711D01B16000B36AA7 /* AppDelegate.swift */; };
		5A21FA741D01B16000B36AA7 /* CalendarController.swift in Sources */ = {isa = PBXBuildFile; fileRef = 5A21FA731D01B16000B36AA7 /* CalendarController.swift */; };
		5A21FA771D01B16000B36AA7 /* Main.storyboard in Resources */ = {isa = PBXBuildFile; fileRef = 5A21FA751D01B16000B36AA7 /* Main.storyboard */; };
		5A21FA7A1D01B16000B36AA7 /* PocketDiary.xcdatamodeld in Sources */ = {isa = PBXBuildFile; fileRef = 5A21FA781D01B16000B36AA7 /* PocketDiary.xcdatamodeld */; };
		5A21FA7C1D01B16000B36AA7 /* Assets.xcassets in Resources */ = {isa = PBXBuildFile; fileRef = 5A21FA7B1D01B16000B36AA7 /* Assets.xcassets */; };
		5A21FA7F1D01B16000B36AA7 /* LaunchScreen.storyboard in Resources */ = {isa = PBXBuildFile; fileRef = 5A21FA7D1D01B16000B36AA7 /* LaunchScreen.storyboard */; };
		5A21FA8A1D01B16000B36AA7 /* PocketDiaryTests.swift in Sources */ = {isa = PBXBuildFile; fileRef = 5A21FA891D01B16000B36AA7 /* PocketDiaryTests.swift */; };
		5A21FA951D01B16000B36AA7 /* PocketDiaryUITests.swift in Sources */ = {isa = PBXBuildFile; fileRef = 5A21FA941D01B16000B36AA7 /* PocketDiaryUITests.swift */; };
		5A21FAA31D01B78400B36AA7 /* FSCalendar.framework in Frameworks */ = {isa = PBXBuildFile; fileRef = 5A21FAA21D01B78400B36AA7 /* FSCalendar.framework */; };
		5AD6D7131D23B6870015BF0E /* Keyboardy.framework in Frameworks */ = {isa = PBXBuildFile; fileRef = 5AD6D7121D23B6870015BF0E /* Keyboardy.framework */; };
		5AF571261D02582400DF004F /* Entry.swift in Sources */ = {isa = PBXBuildFile; fileRef = 5AF571241D02582400DF004F /* Entry.swift */; };
		5AF571271D02582400DF004F /* Entry+CoreDataProperties.swift in Sources */ = {isa = PBXBuildFile; fileRef = 5AF571251D02582400DF004F /* Entry+CoreDataProperties.swift */; };
		5AF7ACAF1D0DAA6D00F5FBD2 /* SZTextView.framework in Frameworks */ = {isa = PBXBuildFile; fileRef = 5AF7ACAE1D0DAA6D00F5FBD2 /* SZTextView.framework */; };
		5AF875B91D17D4DF00DF0669 /* Threading.swift in Sources */ = {isa = PBXBuildFile; fileRef = 5AF875B81D17D4DF00DF0669 /* Threading.swift */; };
		5AF8E5081D2502A100E2A547 /* RWDropdownMenu.framework in Frameworks */ = {isa = PBXBuildFile; fileRef = 5AF8E5071D2502A100E2A547 /* RWDropdownMenu.framework */; };
		5AF8E50B1D250DDA00E2A547 /* DateRangeSelectorController.swift in Sources */ = {isa = PBXBuildFile; fileRef = 5AF8E50A1D250DDA00E2A547 /* DateRangeSelectorController.swift */; };
		5AF9ACF31D124B1F00C8B856 /* Emoji.framework in Frameworks */ = {isa = PBXBuildFile; fileRef = 5AF9ACF21D124B1F00C8B856 /* Emoji.framework */; };
		5AF9ACF71D125B9400C8B856 /* DiarySearchController.swift in Sources */ = {isa = PBXBuildFile; fileRef = 5AF9ACF61D125B9400C8B856 /* DiarySearchController.swift */; };
		5AF9ACF91D12769300C8B856 /* UserSettings.swift in Sources */ = {isa = PBXBuildFile; fileRef = 5AF9ACF81D12769300C8B856 /* UserSettings.swift */; };
		5AFB0E741D0E751000EEEA1F /* DiaryEditorController.swift in Sources */ = {isa = PBXBuildFile; fileRef = 5AFB0E731D0E751000EEEA1F /* DiaryEditorController.swift */; };
		5AFB0E761D0E79C100EEEA1F /* DataPasserController.swift in Sources */ = {isa = PBXBuildFile; fileRef = 5AFB0E751D0E79C100EEEA1F /* DataPasserController.swift */; };
		5AFB0E7A1D0EC14C00EEEA1F /* EZLoadingActivity.framework in Frameworks */ = {isa = PBXBuildFile; fileRef = 5AFB0E771D0EC14C00EEEA1F /* EZLoadingActivity.framework */; };
		5AFB0E7B1D0EC14C00EEEA1F /* EZSwiftExtensions.framework in Frameworks */ = {isa = PBXBuildFile; fileRef = 5AFB0E781D0EC14C00EEEA1F /* EZSwiftExtensions.framework */; };
		5AFB20661D13BCB8007910E6 /* DiarySearcher.swift in Sources */ = {isa = PBXBuildFile; fileRef = 5AFB20651D13BCB8007910E6 /* DiarySearcher.swift */; };
		5AFB59DA1D14CA2500BF4CAD /* highlight.js in Resources */ = {isa = PBXBuildFile; fileRef = 5AFB59D91D14CA2500BF4CAD /* highlight.js */; };
		5AFB59E41D158D8A00BF4CAD /* SearchResultsController.swift in Sources */ = {isa = PBXBuildFile; fileRef = 5AFB59E31D158D8A00BF4CAD /* SearchResultsController.swift */; };
		5AFBEAC11D111D4800F8A8D2 /* MMMarkdown.framework in Frameworks */ = {isa = PBXBuildFile; fileRef = 5AFBEAC01D111D4800F8A8D2 /* MMMarkdown.framework */; };
		5AFBEAC31D111E1D00F8A8D2 /* modest.css in Resources */ = {isa = PBXBuildFile; fileRef = 5AFBEAC21D111E1D00F8A8D2 /* modest.css */; };
		5AFC26121D261395007C38B4 /* Base64nl.framework in Frameworks */ = {isa = PBXBuildFile; fileRef = 5AFC26101D261395007C38B4 /* Base64nl.framework */; };
		5AFC26151D2615A4007C38B4 /* ColorSelectorController.swift in Sources */ = {isa = PBXBuildFile; fileRef = 5AFC26141D2615A4007C38B4 /* ColorSelectorController.swift */; };
		5AFC26181D26376E007C38B4 /* DTCollectionViewManager.framework in Frameworks */ = {isa = PBXBuildFile; fileRef = 5AFC26161D26376E007C38B4 /* DTCollectionViewManager.framework */; };
		5AFC26191D26376E007C38B4 /* DTModelStorage.framework in Frameworks */ = {isa = PBXBuildFile; fileRef = 5AFC26171D26376E007C38B4 /* DTModelStorage.framework */; };
		5AFC261B1D263797007C38B4 /* ColorCell.swift in Sources */ = {isa = PBXBuildFile; fileRef = 5AFC261A1D263797007C38B4 /* ColorCell.swift */; };
		5AFD37D41D3389D2004901F1 /* LTHPasscodeViewController.framework in Frameworks */ = {isa = PBXBuildFile; fileRef = 5AFD37D31D3389D2004901F1 /* LTHPasscodeViewController.framework */; };
		5AFD86AC1D239C5700D80F8E /* ActionSheetPicker.framework in Frameworks */ = {isa = PBXBuildFile; fileRef = 5AFD86AB1D239C5700D80F8E /* ActionSheetPicker.framework */; };
/* End PBXBuildFile section */

/* Begin PBXContainerItemProxy section */
		5A21FA861D01B16000B36AA7 /* PBXContainerItemProxy */ = {
			isa = PBXContainerItemProxy;
			containerPortal = 5A21FA661D01B16000B36AA7 /* Project object */;
			proxyType = 1;
			remoteGlobalIDString = 5A21FA6D1D01B16000B36AA7;
			remoteInfo = PocketDiary;
		};
		5A21FA911D01B16000B36AA7 /* PBXContainerItemProxy */ = {
			isa = PBXContainerItemProxy;
			containerPortal = 5A21FA661D01B16000B36AA7 /* Project object */;
			proxyType = 1;
			remoteGlobalIDString = 5A21FA6D1D01B16000B36AA7;
			remoteInfo = PocketDiary;
		};
/* End PBXContainerItemProxy section */

/* Begin PBXFileReference section */
		2589B925E4D98986E587F423 /* Pods_PocketDiaryTests.framework */ = {isa = PBXFileReference; explicitFileType = wrapper.framework; includeInIndex = 0; path = Pods_PocketDiaryTests.framework; sourceTree = BUILT_PRODUCTS_DIR; };
		3121E1568E64DC03A2F62B00 /* Pods-PocketDiaryUITests.release.xcconfig */ = {isa = PBXFileReference; includeInIndex = 1; lastKnownFileType = text.xcconfig; name = "Pods-PocketDiaryUITests.release.xcconfig"; path = "Pods/Target Support Files/Pods-PocketDiaryUITests/Pods-PocketDiaryUITests.release.xcconfig"; sourceTree = "<group>"; };
		5A003C971D223C55001EA872 /* zh-Hans */ = {isa = PBXFileReference; lastKnownFileType = text.plist.strings; name = "zh-Hans"; path = "zh-Hans.lproj/InfoPlist.strings"; sourceTree = "<group>"; };
		5A003C991D223C57001EA872 /* zh-Hant */ = {isa = PBXFileReference; lastKnownFileType = text.plist.strings; name = "zh-Hant"; path = "zh-Hant.lproj/InfoPlist.strings"; sourceTree = "<group>"; };
		5A007AB01D2E3C6600D903CC /* SnapshotHelper.swift */ = {isa = PBXFileReference; fileEncoding = 4; lastKnownFileType = sourcecode.swift; name = SnapshotHelper.swift; path = fastlane/SnapshotHelper.swift; sourceTree = SOURCE_ROOT; };
		5A0096051D386D8700C34650 /* AdUtility.swift */ = {isa = PBXFileReference; fileEncoding = 4; lastKnownFileType = sourcecode.swift; path = AdUtility.swift; sourceTree = "<group>"; };
		5A00F7A01D37A7D3006ACC63 /* GoogleService-Info.plist */ = {isa = PBXFileReference; fileEncoding = 4; lastKnownFileType = text.plist.xml; path = "GoogleService-Info.plist"; sourceTree = "<group>"; };
		5A02D0401D3B10AF00C048E6 /* GoogleMobileAds.framework */ = {isa = PBXFileReference; lastKnownFileType = wrapper.framework; name = GoogleMobileAds.framework; path = PocketDiary/GoogleMobileAds.framework; sourceTree = "<group>"; };
		5A04D0701D18FC8000868126 /* LLSwitch.framework */ = {isa = PBXFileReference; lastKnownFileType = wrapper.framework; name = LLSwitch.framework; path = "Pods/../build/Debug-iphoneos/LLSwitch.framework"; sourceTree = "<group>"; };
		5A2193611D1E6E8800966DD4 /* zh-Hans */ = {isa = PBXFileReference; lastKnownFileType = text.plist.strings; name = "zh-Hans"; path = "zh-Hans.lproj/Main.strings"; sourceTree = "<group>"; };
		5A2193621D1E6E8900966DD4 /* zh-Hans */ = {isa = PBXFileReference; lastKnownFileType = text.plist.strings; name = "zh-Hans"; path = "zh-Hans.lproj/LaunchScreen.strings"; sourceTree = "<group>"; };
		5A2193631D1E6E9800966DD4 /* zh-Hant */ = {isa = PBXFileReference; lastKnownFileType = text.plist.strings; name = "zh-Hant"; path = "zh-Hant.lproj/Main.strings"; sourceTree = "<group>"; };
		5A2193641D1E6E9800966DD4 /* zh-Hant */ = {isa = PBXFileReference; lastKnownFileType = text.plist.strings; name = "zh-Hant"; path = "zh-Hant.lproj/LaunchScreen.strings"; sourceTree = "<group>"; };
		5A2193681D1E6EC500966DD4 /* en */ = {isa = PBXFileReference; lastKnownFileType = text.plist.strings; name = en; path = en.lproj/Localizable.strings; sourceTree = "<group>"; };
		5A21936A1D1E6ECD00966DD4 /* zh-Hans */ = {isa = PBXFileReference; lastKnownFileType = text.plist.strings; name = "zh-Hans"; path = "zh-Hans.lproj/Localizable.strings"; sourceTree = "<group>"; };
		5A21936B1D1E6ECE00966DD4 /* zh-Hant */ = {isa = PBXFileReference; lastKnownFileType = text.plist.strings; name = "zh-Hant"; path = "zh-Hant.lproj/Localizable.strings"; sourceTree = "<group>"; };
		5A21FA6E1D01B16000B36AA7 /* PocketDiary.app */ = {isa = PBXFileReference; explicitFileType = wrapper.application; includeInIndex = 0; path = PocketDiary.app; sourceTree = BUILT_PRODUCTS_DIR; };
		5A21FA711D01B16000B36AA7 /* AppDelegate.swift */ = {isa = PBXFileReference; lastKnownFileType = sourcecode.swift; path = AppDelegate.swift; sourceTree = "<group>"; };
		5A21FA731D01B16000B36AA7 /* CalendarController.swift */ = {isa = PBXFileReference; lastKnownFileType = sourcecode.swift; path = CalendarController.swift; sourceTree = "<group>"; };
		5A21FA761D01B16000B36AA7 /* Base */ = {isa = PBXFileReference; lastKnownFileType = file.storyboard; name = Base; path = Base.lproj/Main.storyboard; sourceTree = "<group>"; };
		5A21FA791D01B16000B36AA7 /* PocketDiary.xcdatamodel */ = {isa = PBXFileReference; lastKnownFileType = wrapper.xcdatamodel; path = PocketDiary.xcdatamodel; sourceTree = "<group>"; };
		5A21FA7B1D01B16000B36AA7 /* Assets.xcassets */ = {isa = PBXFileReference; lastKnownFileType = folder.assetcatalog; path = Assets.xcassets; sourceTree = "<group>"; };
		5A21FA7E1D01B16000B36AA7 /* Base */ = {isa = PBXFileReference; lastKnownFileType = file.storyboard; name = Base; path = Base.lproj/LaunchScreen.storyboard; sourceTree = "<group>"; };
		5A21FA801D01B16000B36AA7 /* Info.plist */ = {isa = PBXFileReference; lastKnownFileType = text.plist.xml; path = Info.plist; sourceTree = "<group>"; };
		5A21FA851D01B16000B36AA7 /* PocketDiaryTests.xctest */ = {isa = PBXFileReference; explicitFileType = wrapper.cfbundle; includeInIndex = 0; path = PocketDiaryTests.xctest; sourceTree = BUILT_PRODUCTS_DIR; };
		5A21FA891D01B16000B36AA7 /* PocketDiaryTests.swift */ = {isa = PBXFileReference; lastKnownFileType = sourcecode.swift; path = PocketDiaryTests.swift; sourceTree = "<group>"; };
		5A21FA8B1D01B16000B36AA7 /* Info.plist */ = {isa = PBXFileReference; lastKnownFileType = text.plist.xml; path = Info.plist; sourceTree = "<group>"; };
		5A21FA901D01B16000B36AA7 /* PocketDiaryUITests.xctest */ = {isa = PBXFileReference; explicitFileType = wrapper.cfbundle; includeInIndex = 0; path = PocketDiaryUITests.xctest; sourceTree = BUILT_PRODUCTS_DIR; };
		5A21FA941D01B16000B36AA7 /* PocketDiaryUITests.swift */ = {isa = PBXFileReference; lastKnownFileType = sourcecode.swift; path = PocketDiaryUITests.swift; sourceTree = "<group>"; };
		5A21FA961D01B16000B36AA7 /* Info.plist */ = {isa = PBXFileReference; lastKnownFileType = text.plist.xml; path = Info.plist; sourceTree = "<group>"; };
		5A21FAA21D01B78400B36AA7 /* FSCalendar.framework */ = {isa = PBXFileReference; lastKnownFileType = wrapper.framework; name = FSCalendar.framework; path = "Pods/../build/Debug-iphoneos/FSCalendar.framework"; sourceTree = "<group>"; };
		5A3A43DF1D4B095400D9D5E2 /* FittableFontLabel.framework */ = {isa = PBXFileReference; lastKnownFileType = wrapper.framework; name = FittableFontLabel.framework; path = "../../Library/Developer/Xcode/DerivedData/PocketDiary-agnmdpowblsargatbddytldsabim/Build/Products/Debug-iphonesimulator/FittableFontLabel/FittableFontLabel.framework"; sourceTree = "<group>"; };
		5A8F55001D13DAA700EBE196 /* CHTCollectionViewWaterfallLayout.framework */ = {isa = PBXFileReference; lastKnownFileType = wrapper.framework; name = CHTCollectionViewWaterfallLayout.framework; path = "Pods/../build/Debug-iphoneos/CHTCollectionViewWaterfallLayout.framework"; sourceTree = "<group>"; };
		5A8F55041D13E76700EBE196 /* SelfSizingWaterfallCollectionViewLayout.framework */ = {isa = PBXFileReference; lastKnownFileType = wrapper.framework; name = SelfSizingWaterfallCollectionViewLayout.framework; path = "Pods/../build/Debug-iphoneos/SelfSizingWaterfallCollectionViewLayout.framework"; sourceTree = "<group>"; };
		5AD6D7121D23B6870015BF0E /* Keyboardy.framework */ = {isa = PBXFileReference; lastKnownFileType = wrapper.framework; name = Keyboardy.framework; path = "../../Library/Developer/Xcode/DerivedData/PocketDiary-agnmdpowblsargatbddytldsabim/Build/Products/Debug-iphonesimulator/Keyboardy.framework"; sourceTree = "<group>"; };
		5AD6D7141D23BEDE0015BF0E /* FRDoneAccessory.framework */ = {isa = PBXFileReference; lastKnownFileType = wrapper.framework; name = FRDoneAccessory.framework; path = "Pods/../build/Debug-iphoneos/FRDoneAccessory.framework"; sourceTree = "<group>"; };
		5AF571241D02582400DF004F /* Entry.swift */ = {isa = PBXFileReference; fileEncoding = 4; lastKnownFileType = sourcecode.swift; path = Entry.swift; sourceTree = "<group>"; };
		5AF571251D02582400DF004F /* Entry+CoreDataProperties.swift */ = {isa = PBXFileReference; fileEncoding = 4; lastKnownFileType = sourcecode.swift; path = "Entry+CoreDataProperties.swift"; sourceTree = "<group>"; };
		5AF7ACAE1D0DAA6D00F5FBD2 /* SZTextView.framework */ = {isa = PBXFileReference; lastKnownFileType = wrapper.framework; name = SZTextView.framework; path = "Pods/../build/Debug-iphoneos/SZTextView.framework"; sourceTree = "<group>"; };
		5AF875B81D17D4DF00DF0669 /* Threading.swift */ = {isa = PBXFileReference; fileEncoding = 4; lastKnownFileType = sourcecode.swift; path = Threading.swift; sourceTree = "<group>"; };
		5AF8E5071D2502A100E2A547 /* RWDropdownMenu.framework */ = {isa = PBXFileReference; lastKnownFileType = wrapper.framework; name = RWDropdownMenu.framework; path = "Pods/../build/Debug-iphoneos/RWDropdownMenu.framework"; sourceTree = "<group>"; };
		5AF8E5091D250C4600E2A547 /* PocketDiary 2.xcdatamodel */ = {isa = PBXFileReference; lastKnownFileType = wrapper.xcdatamodel; path = "PocketDiary 2.xcdatamodel"; sourceTree = "<group>"; };
		5AF8E50A1D250DDA00E2A547 /* DateRangeSelectorController.swift */ = {isa = PBXFileReference; fileEncoding = 4; lastKnownFileType = sourcecode.swift; path = DateRangeSelectorController.swift; sourceTree = "<group>"; };
		5AF9ACF21D124B1F00C8B856 /* Emoji.framework */ = {isa = PBXFileReference; lastKnownFileType = wrapper.framework; name = Emoji.framework; path = "../../Library/Developer/Xcode/DerivedData/PocketDiary-agnmdpowblsargatbddytldsabim/Build/Products/Debug-iphonesimulator/Emoji.framework"; sourceTree = "<group>"; };
		5AF9ACF61D125B9400C8B856 /* DiarySearchController.swift */ = {isa = PBXFileReference; fileEncoding = 4; lastKnownFileType = sourcecode.swift; path = DiarySearchController.swift; sourceTree = "<group>"; };
		5AF9ACF81D12769300C8B856 /* UserSettings.swift */ = {isa = PBXFileReference; fileEncoding = 4; lastKnownFileType = sourcecode.swift; path = UserSettings.swift; sourceTree = "<group>"; };
		5AF9B09B1D1A8DC6000E15B2 /* IQKeyboardManager.framework */ = {isa = PBXFileReference; lastKnownFileType = wrapper.framework; name = IQKeyboardManager.framework; path = "../../Library/Developer/Xcode/DerivedData/PocketDiary-agnmdpowblsargatbddytldsabim/Build/Products/Debug-iphonesimulator/IQKeyboardManager.framework"; sourceTree = "<group>"; };
		5AF9B09C1D1A8DC6000E15B2 /* RadioButton.framework */ = {isa = PBXFileReference; lastKnownFileType = wrapper.framework; name = RadioButton.framework; path = "../../Library/Developer/Xcode/DerivedData/PocketDiary-agnmdpowblsargatbddytldsabim/Build/Products/Debug-iphonesimulator/RadioButton.framework"; sourceTree = "<group>"; };
		5AFB0E731D0E751000EEEA1F /* DiaryEditorController.swift */ = {isa = PBXFileReference; fileEncoding = 4; lastKnownFileType = sourcecode.swift; path = DiaryEditorController.swift; sourceTree = "<group>"; };
		5AFB0E751D0E79C100EEEA1F /* DataPasserController.swift */ = {isa = PBXFileReference; fileEncoding = 4; lastKnownFileType = sourcecode.swift; path = DataPasserController.swift; sourceTree = "<group>"; };
		5AFB0E771D0EC14C00EEEA1F /* EZLoadingActivity.framework */ = {isa = PBXFileReference; lastKnownFileType = wrapper.framework; name = EZLoadingActivity.framework; path = "../../Library/Developer/Xcode/DerivedData/PocketDiary-agnmdpowblsargatbddytldsabim/Build/Products/Debug-iphonesimulator/EZLoadingActivity.framework"; sourceTree = "<group>"; };
		5AFB0E781D0EC14C00EEEA1F /* EZSwiftExtensions.framework */ = {isa = PBXFileReference; lastKnownFileType = wrapper.framework; name = EZSwiftExtensions.framework; path = "../../Library/Developer/Xcode/DerivedData/PocketDiary-agnmdpowblsargatbddytldsabim/Build/Products/Debug-iphonesimulator/EZSwiftExtensions.framework"; sourceTree = "<group>"; };
		5AFB20651D13BCB8007910E6 /* DiarySearcher.swift */ = {isa = PBXFileReference; fileEncoding = 4; lastKnownFileType = sourcecode.swift; path = DiarySearcher.swift; sourceTree = "<group>"; };
		5AFB59D91D14CA2500BF4CAD /* highlight.js */ = {isa = PBXFileReference; fileEncoding = 4; lastKnownFileType = sourcecode.javascript; path = highlight.js; sourceTree = "<group>"; };
		5AFB59E31D158D8A00BF4CAD /* SearchResultsController.swift */ = {isa = PBXFileReference; fileEncoding = 4; lastKnownFileType = sourcecode.swift; path = SearchResultsController.swift; sourceTree = "<group>"; };
		5AFBEAC01D111D4800F8A8D2 /* MMMarkdown.framework */ = {isa = PBXFileReference; lastKnownFileType = wrapper.framework; name = MMMarkdown.framework; path = "Pods/../build/Debug-iphoneos/MMMarkdown.framework"; sourceTree = "<group>"; };
		5AFBEAC21D111E1D00F8A8D2 /* modest.css */ = {isa = PBXFileReference; fileEncoding = 4; lastKnownFileType = text.css; path = modest.css; sourceTree = "<group>"; };
		5AFC26101D261395007C38B4 /* Base64nl.framework */ = {isa = PBXFileReference; lastKnownFileType = wrapper.framework; name = Base64nl.framework; path = "Pods/../build/Debug-iphoneos/Base64nl.framework"; sourceTree = "<group>"; };
		5AFC26111D261395007C38B4 /* MaterialColorPicker.framework */ = {isa = PBXFileReference; lastKnownFileType = wrapper.framework; name = MaterialColorPicker.framework; path = "../../Library/Developer/Xcode/DerivedData/PocketDiary-agnmdpowblsargatbddytldsabim/Build/Products/Debug-iphonesimulator/MaterialColorPicker.framework"; sourceTree = "<group>"; };
		5AFC26141D2615A4007C38B4 /* ColorSelectorController.swift */ = {isa = PBXFileReference; fileEncoding = 4; lastKnownFileType = sourcecode.swift; path = ColorSelectorController.swift; sourceTree = "<group>"; };
		5AFC26161D26376E007C38B4 /* DTCollectionViewManager.framework */ = {isa = PBXFileReference; lastKnownFileType = wrapper.framework; name = DTCollectionViewManager.framework; path = "../../Library/Developer/Xcode/DerivedData/PocketDiary-agnmdpowblsargatbddytldsabim/Build/Products/Debug-iphonesimulator/DTCollectionViewManager.framework"; sourceTree = "<group>"; };
		5AFC26171D26376E007C38B4 /* DTModelStorage.framework */ = {isa = PBXFileReference; lastKnownFileType = wrapper.framework; name = DTModelStorage.framework; path = "../../Library/Developer/Xcode/DerivedData/PocketDiary-agnmdpowblsargatbddytldsabim/Build/Products/Debug-iphonesimulator/DTModelStorage.framework"; sourceTree = "<group>"; };
		5AFC261A1D263797007C38B4 /* ColorCell.swift */ = {isa = PBXFileReference; fileEncoding = 4; lastKnownFileType = sourcecode.swift; path = ColorCell.swift; sourceTree = "<group>"; };
		5AFD37D31D3389D2004901F1 /* LTHPasscodeViewController.framework */ = {isa = PBXFileReference; lastKnownFileType = wrapper.framework; name = LTHPasscodeViewController.framework; path = "Pods/../build/Debug-iphoneos/LTHPasscodeViewController.framework"; sourceTree = "<group>"; };
		5AFD86AB1D239C5700D80F8E /* ActionSheetPicker.framework */ = {isa = PBXFileReference; lastKnownFileType = wrapper.framework; name = ActionSheetPicker.framework; path = "../../Library/Developer/Xcode/DerivedData/PocketDiary-agnmdpowblsargatbddytldsabim/Build/Products/Debug-iphonesimulator/ActionSheetPicker.framework"; sourceTree = "<group>"; };
		69D2B1E2DBBB4EF213916D05 /* Pods_PocketDiary.framework */ = {isa = PBXFileReference; explicitFileType = wrapper.framework; includeInIndex = 0; path = Pods_PocketDiary.framework; sourceTree = BUILT_PRODUCTS_DIR; };
		73487E1510D92AB00BD2D775 /* Pods-PocketDiary.release.xcconfig */ = {isa = PBXFileReference; includeInIndex = 1; lastKnownFileType = text.xcconfig; name = "Pods-PocketDiary.release.xcconfig"; path = "Pods/Target Support Files/Pods-PocketDiary/Pods-PocketDiary.release.xcconfig"; sourceTree = "<group>"; };
		753AA93DA7B3028ECE5D0B54 /* Pods-PocketDiaryTests.debug.xcconfig */ = {isa = PBXFileReference; includeInIndex = 1; lastKnownFileType = text.xcconfig; name = "Pods-PocketDiaryTests.debug.xcconfig"; path = "Pods/Target Support Files/Pods-PocketDiaryTests/Pods-PocketDiaryTests.debug.xcconfig"; sourceTree = "<group>"; };
		76A481160A2FFAFC028B2069 /* Pods-PocketDiaryTests.release.xcconfig */ = {isa = PBXFileReference; includeInIndex = 1; lastKnownFileType = text.xcconfig; name = "Pods-PocketDiaryTests.release.xcconfig"; path = "Pods/Target Support Files/Pods-PocketDiaryTests/Pods-PocketDiaryTests.release.xcconfig"; sourceTree = "<group>"; };
		8ABA27C81E12465BC5A52C18 /* Pods_PocketDiaryUITests.framework */ = {isa = PBXFileReference; explicitFileType = wrapper.framework; includeInIndex = 0; path = Pods_PocketDiaryUITests.framework; sourceTree = BUILT_PRODUCTS_DIR; };
		A15829CC71086EEC6B261DDF /* Pods-PocketDiary.debug.xcconfig */ = {isa = PBXFileReference; includeInIndex = 1; lastKnownFileType = text.xcconfig; name = "Pods-PocketDiary.debug.xcconfig"; path = "Pods/Target Support Files/Pods-PocketDiary/Pods-PocketDiary.debug.xcconfig"; sourceTree = "<group>"; };
		DA154A8B64FEB1AD6BEC822B /* Pods-PocketDiaryUITests.debug.xcconfig */ = {isa = PBXFileReference; includeInIndex = 1; lastKnownFileType = text.xcconfig; name = "Pods-PocketDiaryUITests.debug.xcconfig"; path = "Pods/Target Support Files/Pods-PocketDiaryUITests/Pods-PocketDiaryUITests.debug.xcconfig"; sourceTree = "<group>"; };
/* End PBXFileReference section */

/* Begin PBXFrameworksBuildPhase section */
		5A21FA6B1D01B16000B36AA7 /* Frameworks */ = {
			isa = PBXFrameworksBuildPhase;
			buildActionMask = 2147483647;
			files = (
				5A02D0411D3B10AF00C048E6 /* GoogleMobileAds.framework in Frameworks */,
				5AFD37D41D3389D2004901F1 /* LTHPasscodeViewController.framework in Frameworks */,
				5AFC26181D26376E007C38B4 /* DTCollectionViewManager.framework in Frameworks */,
				5AFC26191D26376E007C38B4 /* DTModelStorage.framework in Frameworks */,
				5AFC26121D261395007C38B4 /* Base64nl.framework in Frameworks */,
				5AF8E5081D2502A100E2A547 /* RWDropdownMenu.framework in Frameworks */,
				5AD6D7131D23B6870015BF0E /* Keyboardy.framework in Frameworks */,
				5AFD86AC1D239C5700D80F8E /* ActionSheetPicker.framework in Frameworks */,
				5A04D0711D18FC8000868126 /* LLSwitch.framework in Frameworks */,
				5AF9ACF31D124B1F00C8B856 /* Emoji.framework in Frameworks */,
				5AFBEAC11D111D4800F8A8D2 /* MMMarkdown.framework in Frameworks */,
				5AFB0E7A1D0EC14C00EEEA1F /* EZLoadingActivity.framework in Frameworks */,
				5AFB0E7B1D0EC14C00EEEA1F /* EZSwiftExtensions.framework in Frameworks */,
				5AF7ACAF1D0DAA6D00F5FBD2 /* SZTextView.framework in Frameworks */,
				5A21FAA31D01B78400B36AA7 /* FSCalendar.framework in Frameworks */,
				1EA93B3834DE21BA29F70C3F /* Pods_PocketDiary.framework in Frameworks */,
			);
			runOnlyForDeploymentPostprocessing = 0;
		};
		5A21FA821D01B16000B36AA7 /* Frameworks */ = {
			isa = PBXFrameworksBuildPhase;
			buildActionMask = 2147483647;
			files = (
				599BCC9FCF1645BD5585B338 /* Pods_PocketDiaryTests.framework in Frameworks */,
			);
			runOnlyForDeploymentPostprocessing = 0;
		};
		5A21FA8D1D01B16000B36AA7 /* Frameworks */ = {
			isa = PBXFrameworksBuildPhase;
			buildActionMask = 2147483647;
			files = (
				05607474562E2F87845E258F /* Pods_PocketDiaryUITests.framework in Frameworks */,
			);
			runOnlyForDeploymentPostprocessing = 0;
		};
/* End PBXFrameworksBuildPhase section */

/* Begin PBXGroup section */
		3D2A92C69184739B16A50D61 /* Pods */ = {
			isa = PBXGroup;
			children = (
				A15829CC71086EEC6B261DDF /* Pods-PocketDiary.debug.xcconfig */,
				73487E1510D92AB00BD2D775 /* Pods-PocketDiary.release.xcconfig */,
				753AA93DA7B3028ECE5D0B54 /* Pods-PocketDiaryTests.debug.xcconfig */,
				76A481160A2FFAFC028B2069 /* Pods-PocketDiaryTests.release.xcconfig */,
				DA154A8B64FEB1AD6BEC822B /* Pods-PocketDiaryUITests.debug.xcconfig */,
				3121E1568E64DC03A2F62B00 /* Pods-PocketDiaryUITests.release.xcconfig */,
			);
			name = Pods;
			sourceTree = "<group>";
		};
		5A21FA651D01B16000B36AA7 = {
			isa = PBXGroup;
			children = (
				5A21FA701D01B16000B36AA7 /* PocketDiary */,
				5A21FA881D01B16000B36AA7 /* PocketDiaryTests */,
				5A21FA931D01B16000B36AA7 /* PocketDiaryUITests */,
				5A21FA6F1D01B16000B36AA7 /* Products */,
				CB021911B0AE96F7D484390D /* Frameworks */,
				3D2A92C69184739B16A50D61 /* Pods */,
			);
			sourceTree = "<group>";
		};
		5A21FA6F1D01B16000B36AA7 /* Products */ = {
			isa = PBXGroup;
			children = (
				5A21FA6E1D01B16000B36AA7 /* PocketDiary.app */,
				5A21FA851D01B16000B36AA7 /* PocketDiaryTests.xctest */,
				5A21FA901D01B16000B36AA7 /* PocketDiaryUITests.xctest */,
			);
			name = Products;
			sourceTree = "<group>";
		};
		5A21FA701D01B16000B36AA7 /* PocketDiary */ = {
			isa = PBXGroup;
			children = (
				5A00F7A01D37A7D3006ACC63 /* GoogleService-Info.plist */,
				5AF875B81D17D4DF00DF0669 /* Threading.swift */,
				5A2193691D1E6EC500966DD4 /* Localizable.strings */,
				5A003C981D223C55001EA872 /* InfoPlist.strings */,
				5AFBEAC21D111E1D00F8A8D2 /* modest.css */,
				5AFB59D91D14CA2500BF4CAD /* highlight.js */,
				5AF571241D02582400DF004F /* Entry.swift */,
				5AF571251D02582400DF004F /* Entry+CoreDataProperties.swift */,
				5A21FA711D01B16000B36AA7 /* AppDelegate.swift */,
				5A21FA731D01B16000B36AA7 /* CalendarController.swift */,
				5AFB0E731D0E751000EEEA1F /* DiaryEditorController.swift */,
				5AFC26141D2615A4007C38B4 /* ColorSelectorController.swift */,
				5AF9ACF61D125B9400C8B856 /* DiarySearchController.swift */,
				5AF8E50A1D250DDA00E2A547 /* DateRangeSelectorController.swift */,
				5AFB59E31D158D8A00BF4CAD /* SearchResultsController.swift */,
				5AFB0E751D0E79C100EEEA1F /* DataPasserController.swift */,
				5A21FA751D01B16000B36AA7 /* Main.storyboard */,
				5AF9ACF81D12769300C8B856 /* UserSettings.swift */,
				5AFB20651D13BCB8007910E6 /* DiarySearcher.swift */,
				5AFC261A1D263797007C38B4 /* ColorCell.swift */,
				5A0096051D386D8700C34650 /* AdUtility.swift */,
				5A21FA7B1D01B16000B36AA7 /* Assets.xcassets */,
				5A21FA7D1D01B16000B36AA7 /* LaunchScreen.storyboard */,
				5A21FA801D01B16000B36AA7 /* Info.plist */,
				5A21FA781D01B16000B36AA7 /* PocketDiary.xcdatamodeld */,
			);
			path = PocketDiary;
			sourceTree = "<group>";
		};
		5A21FA881D01B16000B36AA7 /* PocketDiaryTests */ = {
			isa = PBXGroup;
			children = (
				5A21FA891D01B16000B36AA7 /* PocketDiaryTests.swift */,
				5A21FA8B1D01B16000B36AA7 /* Info.plist */,
			);
			path = PocketDiaryTests;
			sourceTree = "<group>";
		};
		5A21FA931D01B16000B36AA7 /* PocketDiaryUITests */ = {
			isa = PBXGroup;
			children = (
				5A007AB01D2E3C6600D903CC /* SnapshotHelper.swift */,
				5A21FA941D01B16000B36AA7 /* PocketDiaryUITests.swift */,
				5A21FA961D01B16000B36AA7 /* Info.plist */,
			);
			path = PocketDiaryUITests;
			sourceTree = "<group>";
		};
		CB021911B0AE96F7D484390D /* Frameworks */ = {
			isa = PBXGroup;
			children = (
				5A3A43DF1D4B095400D9D5E2 /* FittableFontLabel.framework */,
				5A02D0401D3B10AF00C048E6 /* GoogleMobileAds.framework */,
				5AFD37D31D3389D2004901F1 /* LTHPasscodeViewController.framework */,
				5AFC26161D26376E007C38B4 /* DTCollectionViewManager.framework */,
				5AFC26171D26376E007C38B4 /* DTModelStorage.framework */,
				5AFC26101D261395007C38B4 /* Base64nl.framework */,
				5AFC26111D261395007C38B4 /* MaterialColorPicker.framework */,
				5AF8E5071D2502A100E2A547 /* RWDropdownMenu.framework */,
				5AD6D7141D23BEDE0015BF0E /* FRDoneAccessory.framework */,
				5AD6D7121D23B6870015BF0E /* Keyboardy.framework */,
				5AFD86AB1D239C5700D80F8E /* ActionSheetPicker.framework */,
				5AF9B09B1D1A8DC6000E15B2 /* IQKeyboardManager.framework */,
				5AF9B09C1D1A8DC6000E15B2 /* RadioButton.framework */,
				5A04D0701D18FC8000868126 /* LLSwitch.framework */,
				5A8F55041D13E76700EBE196 /* SelfSizingWaterfallCollectionViewLayout.framework */,
				5A8F55001D13DAA700EBE196 /* CHTCollectionViewWaterfallLayout.framework */,
				5AF9ACF21D124B1F00C8B856 /* Emoji.framework */,
				5AFBEAC01D111D4800F8A8D2 /* MMMarkdown.framework */,
				5AFB0E771D0EC14C00EEEA1F /* EZLoadingActivity.framework */,
				5AFB0E781D0EC14C00EEEA1F /* EZSwiftExtensions.framework */,
				5AF7ACAE1D0DAA6D00F5FBD2 /* SZTextView.framework */,
				5A21FAA21D01B78400B36AA7 /* FSCalendar.framework */,
				69D2B1E2DBBB4EF213916D05 /* Pods_PocketDiary.framework */,
				2589B925E4D98986E587F423 /* Pods_PocketDiaryTests.framework */,
				8ABA27C81E12465BC5A52C18 /* Pods_PocketDiaryUITests.framework */,
			);
			name = Frameworks;
			sourceTree = "<group>";
		};
/* End PBXGroup section */

/* Begin PBXNativeTarget section */
		5A21FA6D1D01B16000B36AA7 /* PocketDiary */ = {
			isa = PBXNativeTarget;
			buildConfigurationList = 5A21FA991D01B16000B36AA7 /* Build configuration list for PBXNativeTarget "PocketDiary" */;
			buildPhases = (
				59A144CE3E71095DC39F8BAE /* [CP] Check Pods Manifest.lock */,
				5A21FA6A1D01B16000B36AA7 /* Sources */,
				5A21FA6B1D01B16000B36AA7 /* Frameworks */,
				5A21FA6C1D01B16000B36AA7 /* Resources */,
				75569C7B0F830E6667A9DF40 /* [CP] Embed Pods Frameworks */,
				F25A829B282631D09E51731C /* [CP] Copy Pods Resources */,
			);
			buildRules = (
			);
			dependencies = (
			);
			name = PocketDiary;
			productName = PocketDiary;
			productReference = 5A21FA6E1D01B16000B36AA7 /* PocketDiary.app */;
			productType = "com.apple.product-type.application";
		};
		5A21FA841D01B16000B36AA7 /* PocketDiaryTests */ = {
			isa = PBXNativeTarget;
			buildConfigurationList = 5A21FA9C1D01B16000B36AA7 /* Build configuration list for PBXNativeTarget "PocketDiaryTests" */;
			buildPhases = (
				D0452DDD9A0A6A75303F93AD /* [CP] Check Pods Manifest.lock */,
				5A21FA811D01B16000B36AA7 /* Sources */,
				5A21FA821D01B16000B36AA7 /* Frameworks */,
				5A21FA831D01B16000B36AA7 /* Resources */,
				0B72632C3A907F1D97B93B7E /* [CP] Embed Pods Frameworks */,
				027B1806BD503C74FA11E4B4 /* [CP] Copy Pods Resources */,
			);
			buildRules = (
			);
			dependencies = (
				5A21FA871D01B16000B36AA7 /* PBXTargetDependency */,
			);
			name = PocketDiaryTests;
			productName = PocketDiaryTests;
			productReference = 5A21FA851D01B16000B36AA7 /* PocketDiaryTests.xctest */;
			productType = "com.apple.product-type.bundle.unit-test";
		};
		5A21FA8F1D01B16000B36AA7 /* PocketDiaryUITests */ = {
			isa = PBXNativeTarget;
			buildConfigurationList = 5A21FA9F1D01B16000B36AA7 /* Build configuration list for PBXNativeTarget "PocketDiaryUITests" */;
			buildPhases = (
				74A02396DA90DB488253AD22 /* [CP] Check Pods Manifest.lock */,
				5A21FA8C1D01B16000B36AA7 /* Sources */,
				5A21FA8D1D01B16000B36AA7 /* Frameworks */,
				5A21FA8E1D01B16000B36AA7 /* Resources */,
				0AF1EDC76536FA87B37250FF /* [CP] Embed Pods Frameworks */,
				DDC311E8B98CDEA90338C2F2 /* [CP] Copy Pods Resources */,
			);
			buildRules = (
			);
			dependencies = (
				5A21FA921D01B16000B36AA7 /* PBXTargetDependency */,
			);
			name = PocketDiaryUITests;
			productName = PocketDiaryUITests;
			productReference = 5A21FA901D01B16000B36AA7 /* PocketDiaryUITests.xctest */;
			productType = "com.apple.product-type.bundle.ui-testing";
		};
/* End PBXNativeTarget section */

/* Begin PBXProject section */
		5A21FA661D01B16000B36AA7 /* Project object */ = {
			isa = PBXProject;
			attributes = {
				LastSwiftUpdateCheck = 0730;
				LastUpgradeCheck = 0730;
				ORGANIZATIONNAME = "Mulang Su";
				TargetAttributes = {
					5A21FA6D1D01B16000B36AA7 = {
						CreatedOnToolsVersion = 7.3;
						DevelopmentTeam = E9MW74DJ4Y;
						LastSwiftMigration = 0800;
					};
					5A21FA841D01B16000B36AA7 = {
						CreatedOnToolsVersion = 7.3;
						LastSwiftMigration = 0800;
						TestTargetID = 5A21FA6D1D01B16000B36AA7;
					};
					5A21FA8F1D01B16000B36AA7 = {
						CreatedOnToolsVersion = 7.3;
						LastSwiftMigration = 0800;
						TestTargetID = 5A21FA6D1D01B16000B36AA7;
					};
				};
			};
			buildConfigurationList = 5A21FA691D01B16000B36AA7 /* Build configuration list for PBXProject "PocketDiary" */;
			compatibilityVersion = "Xcode 3.2";
			developmentRegion = English;
			hasScannedForEncodings = 0;
			knownRegions = (
				en,
				Base,
				"zh-Hans",
				"zh-Hant",
			);
			mainGroup = 5A21FA651D01B16000B36AA7;
			productRefGroup = 5A21FA6F1D01B16000B36AA7 /* Products */;
			projectDirPath = "";
			projectRoot = "";
			targets = (
				5A21FA6D1D01B16000B36AA7 /* PocketDiary */,
				5A21FA841D01B16000B36AA7 /* PocketDiaryTests */,
				5A21FA8F1D01B16000B36AA7 /* PocketDiaryUITests */,
			);
		};
/* End PBXProject section */

/* Begin PBXResourcesBuildPhase section */
		5A21FA6C1D01B16000B36AA7 /* Resources */ = {
			isa = PBXResourcesBuildPhase;
			buildActionMask = 2147483647;
			files = (
				5A21FA7F1D01B16000B36AA7 /* LaunchScreen.storyboard in Resources */,
				5A00F7A11D37A7D3006ACC63 /* GoogleService-Info.plist in Resources */,
				5A003C961D223C55001EA872 /* InfoPlist.strings in Resources */,
				5A2193671D1E6EC500966DD4 /* Localizable.strings in Resources */,
				5AFBEAC31D111E1D00F8A8D2 /* modest.css in Resources */,
				5A21FA7C1D01B16000B36AA7 /* Assets.xcassets in Resources */,
				5A21FA771D01B16000B36AA7 /* Main.storyboard in Resources */,
				5AFB59DA1D14CA2500BF4CAD /* highlight.js in Resources */,
			);
			runOnlyForDeploymentPostprocessing = 0;
		};
		5A21FA831D01B16000B36AA7 /* Resources */ = {
			isa = PBXResourcesBuildPhase;
			buildActionMask = 2147483647;
			files = (
			);
			runOnlyForDeploymentPostprocessing = 0;
		};
		5A21FA8E1D01B16000B36AA7 /* Resources */ = {
			isa = PBXResourcesBuildPhase;
			buildActionMask = 2147483647;
			files = (
			);
			runOnlyForDeploymentPostprocessing = 0;
		};
/* End PBXResourcesBuildPhase section */

/* Begin PBXShellScriptBuildPhase section */
		027B1806BD503C74FA11E4B4 /* [CP] Copy Pods Resources */ = {
			isa = PBXShellScriptBuildPhase;
			buildActionMask = 2147483647;
			files = (
			);
			inputPaths = (
			);
			name = "[CP] Copy Pods Resources";
			outputPaths = (
			);
			runOnlyForDeploymentPostprocessing = 0;
			shellPath = /bin/sh;
			shellScript = "\"${SRCROOT}/Pods/Target Support Files/Pods-PocketDiaryTests/Pods-PocketDiaryTests-resources.sh\"\n";
			showEnvVarsInLog = 0;
		};
		0AF1EDC76536FA87B37250FF /* [CP] Embed Pods Frameworks */ = {
			isa = PBXShellScriptBuildPhase;
			buildActionMask = 2147483647;
			files = (
			);
			inputPaths = (
			);
			name = "[CP] Embed Pods Frameworks";
			outputPaths = (
			);
			runOnlyForDeploymentPostprocessing = 0;
			shellPath = /bin/sh;
			shellScript = "\"${SRCROOT}/Pods/Target Support Files/Pods-PocketDiaryUITests/Pods-PocketDiaryUITests-frameworks.sh\"\n";
			showEnvVarsInLog = 0;
		};
		0B72632C3A907F1D97B93B7E /* [CP] Embed Pods Frameworks */ = {
			isa = PBXShellScriptBuildPhase;
			buildActionMask = 2147483647;
			files = (
			);
			inputPaths = (
			);
			name = "[CP] Embed Pods Frameworks";
			outputPaths = (
			);
			runOnlyForDeploymentPostprocessing = 0;
			shellPath = /bin/sh;
			shellScript = "\"${SRCROOT}/Pods/Target Support Files/Pods-PocketDiaryTests/Pods-PocketDiaryTests-frameworks.sh\"\n";
			showEnvVarsInLog = 0;
		};
		59A144CE3E71095DC39F8BAE /* [CP] Check Pods Manifest.lock */ = {
			isa = PBXShellScriptBuildPhase;
			buildActionMask = 2147483647;
			files = (
			);
			inputPaths = (
			);
			name = "[CP] Check Pods Manifest.lock";
			outputPaths = (
			);
			runOnlyForDeploymentPostprocessing = 0;
			shellPath = /bin/sh;
			shellScript = "diff \"${PODS_ROOT}/../Podfile.lock\" \"${PODS_ROOT}/Manifest.lock\" > /dev/null\nif [ $? != 0 ] ; then\n    # print error to STDERR\n    echo \"error: The sandbox is not in sync with the Podfile.lock. Run 'pod install' or update your CocoaPods installation.\" >&2\n    exit 1\nfi\n";
			showEnvVarsInLog = 0;
		};
		74A02396DA90DB488253AD22 /* [CP] Check Pods Manifest.lock */ = {
			isa = PBXShellScriptBuildPhase;
			buildActionMask = 2147483647;
			files = (
			);
			inputPaths = (
			);
			name = "[CP] Check Pods Manifest.lock";
			outputPaths = (
			);
			runOnlyForDeploymentPostprocessing = 0;
			shellPath = /bin/sh;
			shellScript = "diff \"${PODS_ROOT}/../Podfile.lock\" \"${PODS_ROOT}/Manifest.lock\" > /dev/null\nif [ $? != 0 ] ; then\n    # print error to STDERR\n    echo \"error: The sandbox is not in sync with the Podfile.lock. Run 'pod install' or update your CocoaPods installation.\" >&2\n    exit 1\nfi\n";
			showEnvVarsInLog = 0;
		};
		75569C7B0F830E6667A9DF40 /* [CP] Embed Pods Frameworks */ = {
			isa = PBXShellScriptBuildPhase;
			buildActionMask = 2147483647;
			files = (
			);
			inputPaths = (
			);
			name = "[CP] Embed Pods Frameworks";
			outputPaths = (
			);
			runOnlyForDeploymentPostprocessing = 0;
			shellPath = /bin/sh;
			shellScript = "\"${SRCROOT}/Pods/Target Support Files/Pods-PocketDiary/Pods-PocketDiary-frameworks.sh\"\n";
			showEnvVarsInLog = 0;
		};
		D0452DDD9A0A6A75303F93AD /* [CP] Check Pods Manifest.lock */ = {
			isa = PBXShellScriptBuildPhase;
			buildActionMask = 2147483647;
			files = (
			);
			inputPaths = (
			);
			name = "[CP] Check Pods Manifest.lock";
			outputPaths = (
			);
			runOnlyForDeploymentPostprocessing = 0;
			shellPath = /bin/sh;
			shellScript = "diff \"${PODS_ROOT}/../Podfile.lock\" \"${PODS_ROOT}/Manifest.lock\" > /dev/null\nif [ $? != 0 ] ; then\n    # print error to STDERR\n    echo \"error: The sandbox is not in sync with the Podfile.lock. Run 'pod install' or update your CocoaPods installation.\" >&2\n    exit 1\nfi\n";
			showEnvVarsInLog = 0;
		};
		DDC311E8B98CDEA90338C2F2 /* [CP] Copy Pods Resources */ = {
			isa = PBXShellScriptBuildPhase;
			buildActionMask = 2147483647;
			files = (
			);
			inputPaths = (
			);
			name = "[CP] Copy Pods Resources";
			outputPaths = (
			);
			runOnlyForDeploymentPostprocessing = 0;
			shellPath = /bin/sh;
			shellScript = "\"${SRCROOT}/Pods/Target Support Files/Pods-PocketDiaryUITests/Pods-PocketDiaryUITests-resources.sh\"\n";
			showEnvVarsInLog = 0;
		};
		F25A829B282631D09E51731C /* [CP] Copy Pods Resources */ = {
			isa = PBXShellScriptBuildPhase;
			buildActionMask = 2147483647;
			files = (
			);
			inputPaths = (
			);
			name = "[CP] Copy Pods Resources";
			outputPaths = (
			);
			runOnlyForDeploymentPostprocessing = 0;
			shellPath = /bin/sh;
			shellScript = "\"${SRCROOT}/Pods/Target Support Files/Pods-PocketDiary/Pods-PocketDiary-resources.sh\"\n";
			showEnvVarsInLog = 0;
		};
/* End PBXShellScriptBuildPhase section */

/* Begin PBXSourcesBuildPhase section */
		5A21FA6A1D01B16000B36AA7 /* Sources */ = {
			isa = PBXSourcesBuildPhase;
			buildActionMask = 2147483647;
			files = (
				5AFB20661D13BCB8007910E6 /* DiarySearcher.swift in Sources */,
				5AFB0E761D0E79C100EEEA1F /* DataPasserController.swift in Sources */,
				5AF9ACF71D125B9400C8B856 /* DiarySearchController.swift in Sources */,
				5AF571261D02582400DF004F /* Entry.swift in Sources */,
				5AF875B91D17D4DF00DF0669 /* Threading.swift in Sources */,
				5A21FA7A1D01B16000B36AA7 /* PocketDiary.xcdatamodeld in Sources */,
				5AFC26151D2615A4007C38B4 /* ColorSelectorController.swift in Sources */,
				5AF9ACF91D12769300C8B856 /* UserSettings.swift in Sources */,
				5AFC261B1D263797007C38B4 /* ColorCell.swift in Sources */,
				5A21FA741D01B16000B36AA7 /* CalendarController.swift in Sources */,
				5A21FA721D01B16000B36AA7 /* AppDelegate.swift in Sources */,
				5AFB0E741D0E751000EEEA1F /* DiaryEditorController.swift in Sources */,
				5AF8E50B1D250DDA00E2A547 /* DateRangeSelectorController.swift in Sources */,
				5AF571271D02582400DF004F /* Entry+CoreDataProperties.swift in Sources */,
				5AFB59E41D158D8A00BF4CAD /* SearchResultsController.swift in Sources */,
				5A0096061D386D8700C34650 /* AdUtility.swift in Sources */,
			);
			runOnlyForDeploymentPostprocessing = 0;
		};
		5A21FA811D01B16000B36AA7 /* Sources */ = {
			isa = PBXSourcesBuildPhase;
			buildActionMask = 2147483647;
			files = (
				5A21FA8A1D01B16000B36AA7 /* PocketDiaryTests.swift in Sources */,
			);
			runOnlyForDeploymentPostprocessing = 0;
		};
		5A21FA8C1D01B16000B36AA7 /* Sources */ = {
			isa = PBXSourcesBuildPhase;
			buildActionMask = 2147483647;
			files = (
				5A21FA951D01B16000B36AA7 /* PocketDiaryUITests.swift in Sources */,
				5A007AB11D2E3C6600D903CC /* SnapshotHelper.swift in Sources */,
			);
			runOnlyForDeploymentPostprocessing = 0;
		};
/* End PBXSourcesBuildPhase section */

/* Begin PBXTargetDependency section */
		5A21FA871D01B16000B36AA7 /* PBXTargetDependency */ = {
			isa = PBXTargetDependency;
			target = 5A21FA6D1D01B16000B36AA7 /* PocketDiary */;
			targetProxy = 5A21FA861D01B16000B36AA7 /* PBXContainerItemProxy */;
		};
		5A21FA921D01B16000B36AA7 /* PBXTargetDependency */ = {
			isa = PBXTargetDependency;
			target = 5A21FA6D1D01B16000B36AA7 /* PocketDiary */;
			targetProxy = 5A21FA911D01B16000B36AA7 /* PBXContainerItemProxy */;
		};
/* End PBXTargetDependency section */

/* Begin PBXVariantGroup section */
		5A003C981D223C55001EA872 /* InfoPlist.strings */ = {
			isa = PBXVariantGroup;
			children = (
				5A003C971D223C55001EA872 /* zh-Hans */,
				5A003C991D223C57001EA872 /* zh-Hant */,
			);
			name = InfoPlist.strings;
			sourceTree = "<group>";
		};
		5A2193691D1E6EC500966DD4 /* Localizable.strings */ = {
			isa = PBXVariantGroup;
			children = (
				5A2193681D1E6EC500966DD4 /* en */,
				5A21936A1D1E6ECD00966DD4 /* zh-Hans */,
				5A21936B1D1E6ECE00966DD4 /* zh-Hant */,
			);
			name = Localizable.strings;
			sourceTree = "<group>";
		};
		5A21FA751D01B16000B36AA7 /* Main.storyboard */ = {
			isa = PBXVariantGroup;
			children = (
				5A21FA761D01B16000B36AA7 /* Base */,
				5A2193611D1E6E8800966DD4 /* zh-Hans */,
				5A2193631D1E6E9800966DD4 /* zh-Hant */,
			);
			name = Main.storyboard;
			sourceTree = "<group>";
		};
		5A21FA7D1D01B16000B36AA7 /* LaunchScreen.storyboard */ = {
			isa = PBXVariantGroup;
			children = (
				5A21FA7E1D01B16000B36AA7 /* Base */,
				5A2193621D1E6E8900966DD4 /* zh-Hans */,
				5A2193641D1E6E9800966DD4 /* zh-Hant */,
			);
			name = LaunchScreen.storyboard;
			sourceTree = "<group>";
		};
/* End PBXVariantGroup section */

/* Begin XCBuildConfiguration section */
		5A21FA971D01B16000B36AA7 /* Debug */ = {
			isa = XCBuildConfiguration;
			buildSettings = {
				ALWAYS_SEARCH_USER_PATHS = NO;
				CLANG_ANALYZER_NONNULL = YES;
				CLANG_CXX_LANGUAGE_STANDARD = "gnu++0x";
				CLANG_CXX_LIBRARY = "libc++";
				CLANG_ENABLE_MODULES = YES;
				CLANG_ENABLE_OBJC_ARC = YES;
				CLANG_WARN_BOOL_CONVERSION = YES;
				CLANG_WARN_CONSTANT_CONVERSION = YES;
				CLANG_WARN_DIRECT_OBJC_ISA_USAGE = YES_ERROR;
				CLANG_WARN_EMPTY_BODY = YES;
				CLANG_WARN_ENUM_CONVERSION = YES;
				CLANG_WARN_INT_CONVERSION = YES;
				CLANG_WARN_OBJC_ROOT_CLASS = YES_ERROR;
				CLANG_WARN_UNREACHABLE_CODE = YES;
				CLANG_WARN__DUPLICATE_METHOD_MATCH = YES;
				"CODE_SIGN_IDENTITY[sdk=iphoneos*]" = "iPhone Developer";
				COPY_PHASE_STRIP = NO;
				DEBUG_INFORMATION_FORMAT = dwarf;
				ENABLE_BITCODE = YES;
				ENABLE_STRICT_OBJC_MSGSEND = YES;
				ENABLE_TESTABILITY = YES;
				GCC_C_LANGUAGE_STANDARD = gnu99;
				GCC_DYNAMIC_NO_PIC = NO;
				GCC_NO_COMMON_BLOCKS = YES;
				GCC_OPTIMIZATION_LEVEL = 0;
				GCC_PREPROCESSOR_DEFINITIONS = (
					"DEBUG=1",
					"$(inherited)",
				);
				GCC_WARN_64_TO_32_BIT_CONVERSION = YES;
				GCC_WARN_ABOUT_RETURN_TYPE = YES_ERROR;
				GCC_WARN_UNDECLARED_SELECTOR = YES;
				GCC_WARN_UNINITIALIZED_AUTOS = YES_AGGRESSIVE;
				GCC_WARN_UNUSED_FUNCTION = YES;
				GCC_WARN_UNUSED_VARIABLE = YES;
				IPHONEOS_DEPLOYMENT_TARGET = 9.3;
				MTL_ENABLE_DEBUG_INFO = YES;
				ONLY_ACTIVE_ARCH = YES;
				SDKROOT = iphoneos;
				SWIFT_OPTIMIZATION_LEVEL = "-Onone";
				SWIFT_VERSION = 2.3;
				TARGETED_DEVICE_FAMILY = "1,2";
			};
			name = Debug;
		};
		5A21FA981D01B16000B36AA7 /* Release */ = {
			isa = XCBuildConfiguration;
			buildSettings = {
				ALWAYS_SEARCH_USER_PATHS = NO;
				CLANG_ANALYZER_NONNULL = YES;
				CLANG_CXX_LANGUAGE_STANDARD = "gnu++0x";
				CLANG_CXX_LIBRARY = "libc++";
				CLANG_ENABLE_MODULES = YES;
				CLANG_ENABLE_OBJC_ARC = YES;
				CLANG_WARN_BOOL_CONVERSION = YES;
				CLANG_WARN_CONSTANT_CONVERSION = YES;
				CLANG_WARN_DIRECT_OBJC_ISA_USAGE = YES_ERROR;
				CLANG_WARN_EMPTY_BODY = YES;
				CLANG_WARN_ENUM_CONVERSION = YES;
				CLANG_WARN_INT_CONVERSION = YES;
				CLANG_WARN_OBJC_ROOT_CLASS = YES_ERROR;
				CLANG_WARN_UNREACHABLE_CODE = YES;
				CLANG_WARN__DUPLICATE_METHOD_MATCH = YES;
				"CODE_SIGN_IDENTITY[sdk=iphoneos*]" = "iPhone Developer";
				COPY_PHASE_STRIP = NO;
				DEBUG_INFORMATION_FORMAT = "dwarf-with-dsym";
				ENABLE_BITCODE = YES;
				ENABLE_NS_ASSERTIONS = NO;
				ENABLE_STRICT_OBJC_MSGSEND = YES;
				GCC_C_LANGUAGE_STANDARD = gnu99;
				GCC_NO_COMMON_BLOCKS = YES;
				GCC_WARN_64_TO_32_BIT_CONVERSION = YES;
				GCC_WARN_ABOUT_RETURN_TYPE = YES_ERROR;
				GCC_WARN_UNDECLARED_SELECTOR = YES;
				GCC_WARN_UNINITIALIZED_AUTOS = YES_AGGRESSIVE;
				GCC_WARN_UNUSED_FUNCTION = YES;
				GCC_WARN_UNUSED_VARIABLE = YES;
				IPHONEOS_DEPLOYMENT_TARGET = 9.3;
				MTL_ENABLE_DEBUG_INFO = NO;
				SDKROOT = iphoneos;
				SWIFT_VERSION = 2.3;
				TARGETED_DEVICE_FAMILY = "1,2";
				VALIDATE_PRODUCT = YES;
			};
			name = Release;
		};
		5A21FA9A1D01B16000B36AA7 /* Debug */ = {
			isa = XCBuildConfiguration;
			baseConfigurationReference = A15829CC71086EEC6B261DDF /* Pods-PocketDiary.debug.xcconfig */;
			buildSettings = {
				ASSETCATALOG_COMPILER_APPICON_NAME = AppIcon;
				CODE_SIGN_IDENTITY = "iPhone Developer";
				ENABLE_BITCODE = YES;
				FRAMEWORK_SEARCH_PATHS = (
					"$(inherited)",
					"$(PROJECT_DIR)/build/Debug-iphoneos",
					"$(PROJECT_DIR)/build/Release-iphoneos",
					"$(PROJECT_DIR)/PocketDiary",
				);
				INFOPLIST_FILE = PocketDiary/Info.plist;
				IPHONEOS_DEPLOYMENT_TARGET = 8.0;
				LD_RUNPATH_SEARCH_PATHS = "$(inherited) @executable_path/Frameworks";
				PRODUCT_BUNDLE_IDENTIFIER = com.PocketDiary;
				PRODUCT_NAME = "$(TARGET_NAME)";
				SWIFT_OBJC_BRIDGING_HEADER = "";
				SWIFT_OBJC_INTERFACE_HEADER_NAME = "$(SWIFT_MODULE_NAME)-Bridging-Header.h";
				SWIFT_VERSION = 3.0;
			};
			name = Debug;
		};
		5A21FA9B1D01B16000B36AA7 /* Release */ = {
			isa = XCBuildConfiguration;
			baseConfigurationReference = 73487E1510D92AB00BD2D775 /* Pods-PocketDiary.release.xcconfig */;
			buildSettings = {
				ASSETCATALOG_COMPILER_APPICON_NAME = AppIcon;
				CODE_SIGN_IDENTITY = "iPhone Developer";
				ENABLE_BITCODE = YES;
				FRAMEWORK_SEARCH_PATHS = (
					"$(inherited)",
					"$(PROJECT_DIR)/build/Debug-iphoneos",
					"$(PROJECT_DIR)/build/Release-iphoneos",
					"$(PROJECT_DIR)/PocketDiary",
				);
				INFOPLIST_FILE = PocketDiary/Info.plist;
				IPHONEOS_DEPLOYMENT_TARGET = 8.0;
				LD_RUNPATH_SEARCH_PATHS = "$(inherited) @executable_path/Frameworks";
				PRODUCT_BUNDLE_IDENTIFIER = com.PocketDiary;
				PRODUCT_NAME = "$(TARGET_NAME)";
				SWIFT_OBJC_BRIDGING_HEADER = "";
				SWIFT_OBJC_INTERFACE_HEADER_NAME = "$(SWIFT_MODULE_NAME)-Bridging-Header.h";
				SWIFT_VERSION = 3.0;
			};
			name = Release;
		};
		5A21FA9D1D01B16000B36AA7 /* Debug */ = {
			isa = XCBuildConfiguration;
			baseConfigurationReference = 753AA93DA7B3028ECE5D0B54 /* Pods-PocketDiaryTests.debug.xcconfig */;
			buildSettings = {
				BUNDLE_LOADER = "$(TEST_HOST)";
				INFOPLIST_FILE = PocketDiaryTests/Info.plist;
				LD_RUNPATH_SEARCH_PATHS = "$(inherited) @executable_path/Frameworks @loader_path/Frameworks";
				PRODUCT_BUNDLE_IDENTIFIER = com.PocketDiaryTests;
				PRODUCT_NAME = "$(TARGET_NAME)";
				SWIFT_VERSION = 3.0;
				TEST_HOST = "$(BUILT_PRODUCTS_DIR)/PocketDiary.app/PocketDiary";
			};
			name = Debug;
		};
		5A21FA9E1D01B16000B36AA7 /* Release */ = {
			isa = XCBuildConfiguration;
			baseConfigurationReference = 76A481160A2FFAFC028B2069 /* Pods-PocketDiaryTests.release.xcconfig */;
			buildSettings = {
				BUNDLE_LOADER = "$(TEST_HOST)";
				INFOPLIST_FILE = PocketDiaryTests/Info.plist;
				LD_RUNPATH_SEARCH_PATHS = "$(inherited) @executable_path/Frameworks @loader_path/Frameworks";
				PRODUCT_BUNDLE_IDENTIFIER = com.PocketDiaryTests;
				PRODUCT_NAME = "$(TARGET_NAME)";
				SWIFT_VERSION = 3.0;
				TEST_HOST = "$(BUILT_PRODUCTS_DIR)/PocketDiary.app/PocketDiary";
			};
			name = Release;
		};
		5A21FAA01D01B16000B36AA7 /* Debug */ = {
			isa = XCBuildConfiguration;
			baseConfigurationReference = DA154A8B64FEB1AD6BEC822B /* Pods-PocketDiaryUITests.debug.xcconfig */;
			buildSettings = {
				INFOPLIST_FILE = PocketDiaryUITests/Info.plist;
				LD_RUNPATH_SEARCH_PATHS = "$(inherited) @executable_path/Frameworks @loader_path/Frameworks";
				PRODUCT_BUNDLE_IDENTIFIER = com.PocketDiaryUITests;
				PRODUCT_NAME = "$(TARGET_NAME)";
				SWIFT_VERSION = 3.0;
				TEST_TARGET_NAME = PocketDiary;
			};
			name = Debug;
		};
		5A21FAA11D01B16000B36AA7 /* Release */ = {
			isa = XCBuildConfiguration;
			baseConfigurationReference = 3121E1568E64DC03A2F62B00 /* Pods-PocketDiaryUITests.release.xcconfig */;
			buildSettings = {
				INFOPLIST_FILE = PocketDiaryUITests/Info.plist;
				LD_RUNPATH_SEARCH_PATHS = "$(inherited) @executable_path/Frameworks @loader_path/Frameworks";
				PRODUCT_BUNDLE_IDENTIFIER = com.PocketDiaryUITests;
				PRODUCT_NAME = "$(TARGET_NAME)";
				SWIFT_VERSION = 3.0;
				TEST_TARGET_NAME = PocketDiary;
			};
			name = Release;
		};
/* End XCBuildConfiguration section */

/* Begin XCConfigurationList section */
		5A21FA691D01B16000B36AA7 /* Build configuration list for PBXProject "PocketDiary" */ = {
			isa = XCConfigurationList;
			buildConfigurations = (
				5A21FA971D01B16000B36AA7 /* Debug */,
				5A21FA981D01B16000B36AA7 /* Release */,
			);
			defaultConfigurationIsVisible = 0;
			defaultConfigurationName = Release;
		};
		5A21FA991D01B16000B36AA7 /* Build configuration list for PBXNativeTarget "PocketDiary" */ = {
			isa = XCConfigurationList;
			buildConfigurations = (
				5A21FA9A1D01B16000B36AA7 /* Debug */,
				5A21FA9B1D01B16000B36AA7 /* Release */,
			);
			defaultConfigurationIsVisible = 0;
			defaultConfigurationName = Release;
		};
		5A21FA9C1D01B16000B36AA7 /* Build configuration list for PBXNativeTarget "PocketDiaryTests" */ = {
			isa = XCConfigurationList;
			buildConfigurations = (
				5A21FA9D1D01B16000B36AA7 /* Debug */,
				5A21FA9E1D01B16000B36AA7 /* Release */,
			);
			defaultConfigurationIsVisible = 0;
			defaultConfigurationName = Release;
		};
		5A21FA9F1D01B16000B36AA7 /* Build configuration list for PBXNativeTarget "PocketDiaryUITests" */ = {
			isa = XCConfigurationList;
			buildConfigurations = (
				5A21FAA01D01B16000B36AA7 /* Debug */,
				5A21FAA11D01B16000B36AA7 /* Release */,
			);
			defaultConfigurationIsVisible = 0;
			defaultConfigurationName = Release;
		};
/* End XCConfigurationList section */

/* Begin XCVersionGroup section */
		5A21FA781D01B16000B36AA7 /* PocketDiary.xcdatamodeld */ = {
			isa = XCVersionGroup;
			children = (
				5AF8E5091D250C4600E2A547 /* PocketDiary 2.xcdatamodel */,
				5A21FA791D01B16000B36AA7 /* PocketDiary.xcdatamodel */,
			);
			currentVersion = 5AF8E5091D250C4600E2A547 /* PocketDiary 2.xcdatamodel */;
			path = PocketDiary.xcdatamodeld;
			sourceTree = "<group>";
			versionGroupType = wrapper.xcdatamodel;
		};
/* End XCVersionGroup section */
	};
	rootObject = 5A21FA661D01B16000B36AA7 /* Project object */;
}
